// !$*UTF8*$!
{
	archiveVersion = 1;
	classes = {
	};
	objectVersion = 55;
	objects = {

/* Begin PBXBuildFile section */
		801EC3BE68110EFBD78BCD90 /* Pods_PostsAdditionalMaterial.framework in Frameworks */ = {isa = PBXBuildFile; fileRef = 1325F35495EC8CE2546311CD /* Pods_PostsAdditionalMaterial.framework */; };
		8DBADFE327D8D53B001367B7 /* AppDelegate.swift in Sources */ = {isa = PBXBuildFile; fileRef = 8DBADFE227D8D53B001367B7 /* AppDelegate.swift */; };
		8DBADFE727D8D53B001367B7 /* BooksListTableController.swift in Sources */ = {isa = PBXBuildFile; fileRef = 8DBADFE627D8D53B001367B7 /* BooksListTableController.swift */; };
		8DBADFEC27D8D53D001367B7 /* Assets.xcassets in Resources */ = {isa = PBXBuildFile; fileRef = 8DBADFEB27D8D53D001367B7 /* Assets.xcassets */; };
		8DBADFEF27D8D53D001367B7 /* LaunchScreen.storyboard in Resources */ = {isa = PBXBuildFile; fileRef = 8DBADFED27D8D53D001367B7 /* LaunchScreen.storyboard */; };
		8DE52A4E27FAD64500EAF31D /* BooksService.swift in Sources */ = {isa = PBXBuildFile; fileRef = 8DE52A4D27FAD64500EAF31D /* BooksService.swift */; };
		8DE52BEB27FB746D00EAF31D /* books.json in Resources */ = {isa = PBXBuildFile; fileRef = 8DE52BEA27FB746D00EAF31D /* books.json */; };
		8DE52BED27FC141200EAF31D /* NetworkProvider.swift in Sources */ = {isa = PBXBuildFile; fileRef = 8DE52BEC27FC141200EAF31D /* NetworkProvider.swift */; };
		8DE52BEF27FC144100EAF31D /* NSError+Extensions.swift in Sources */ = {isa = PBXBuildFile; fileRef = 8DE52BEE27FC144100EAF31D /* NSError+Extensions.swift */; };
		8DE52BF227FC1FB900EAF31D /* RemoteBooksService.swift in Sources */ = {isa = PBXBuildFile; fileRef = 8DE52BF127FC1FB900EAF31D /* RemoteBooksService.swift */; };
		8DE52BF427FC1FDD00EAF31D /* InMemoryBooksService.swift in Sources */ = {isa = PBXBuildFile; fileRef = 8DE52BF327FC1FDD00EAF31D /* InMemoryBooksService.swift */; };
		8DE52BF627FC206400EAF31D /* RealmBooksService.swift in Sources */ = {isa = PBXBuildFile; fileRef = 8DE52BF527FC206400EAF31D /* RealmBooksService.swift */; };
		8DE52BF827FC215A00EAF31D /* CompositeLocalServiceWithRemoteFallback.swift in Sources */ = {isa = PBXBuildFile; fileRef = 8DE52BF727FC215A00EAF31D /* CompositeLocalServiceWithRemoteFallback.swift */; };
/* End PBXBuildFile section */

/* Begin PBXFileReference section */
		1325F35495EC8CE2546311CD /* Pods_PostsAdditionalMaterial.framework */ = {isa = PBXFileReference; explicitFileType = wrapper.framework; includeInIndex = 0; path = Pods_PostsAdditionalMaterial.framework; sourceTree = BUILT_PRODUCTS_DIR; };
		23294090B7D99668DC5E178D /* Pods-PostsAdditionalMaterial.debug.xcconfig */ = {isa = PBXFileReference; includeInIndex = 1; lastKnownFileType = text.xcconfig; name = "Pods-PostsAdditionalMaterial.debug.xcconfig"; path = "Target Support Files/Pods-PostsAdditionalMaterial/Pods-PostsAdditionalMaterial.debug.xcconfig"; sourceTree = "<group>"; };
		4F8C15CDFC06F3FC386A97D5 /* Pods-PostsAdditionalMaterial.release.xcconfig */ = {isa = PBXFileReference; includeInIndex = 1; lastKnownFileType = text.xcconfig; name = "Pods-PostsAdditionalMaterial.release.xcconfig"; path = "Target Support Files/Pods-PostsAdditionalMaterial/Pods-PostsAdditionalMaterial.release.xcconfig"; sourceTree = "<group>"; };
		8DBADFDF27D8D53B001367B7 /* PostsAdditionalMaterial.app */ = {isa = PBXFileReference; explicitFileType = wrapper.application; includeInIndex = 0; path = PostsAdditionalMaterial.app; sourceTree = BUILT_PRODUCTS_DIR; };
		8DBADFE227D8D53B001367B7 /* AppDelegate.swift */ = {isa = PBXFileReference; lastKnownFileType = sourcecode.swift; path = AppDelegate.swift; sourceTree = "<group>"; };
		8DBADFE627D8D53B001367B7 /* BooksListTableController.swift */ = {isa = PBXFileReference; lastKnownFileType = sourcecode.swift; path = BooksListTableController.swift; sourceTree = "<group>"; };
		8DBADFEB27D8D53D001367B7 /* Assets.xcassets */ = {isa = PBXFileReference; lastKnownFileType = folder.assetcatalog; path = Assets.xcassets; sourceTree = "<group>"; };
		8DBADFEE27D8D53D001367B7 /* Base */ = {isa = PBXFileReference; lastKnownFileType = file.storyboard; name = Base; path = Base.lproj/LaunchScreen.storyboard; sourceTree = "<group>"; };
		8DE52A4D27FAD64500EAF31D /* BooksService.swift */ = {isa = PBXFileReference; lastKnownFileType = sourcecode.swift; path = BooksService.swift; sourceTree = "<group>"; };
		8DE52BEA27FB746D00EAF31D /* books.json */ = {isa = PBXFileReference; lastKnownFileType = text.json; path = books.json; sourceTree = "<group>"; };
		8DE52BEC27FC141200EAF31D /* NetworkProvider.swift */ = {isa = PBXFileReference; lastKnownFileType = sourcecode.swift; path = NetworkProvider.swift; sourceTree = "<group>"; };
		8DE52BEE27FC144100EAF31D /* NSError+Extensions.swift */ = {isa = PBXFileReference; lastKnownFileType = sourcecode.swift; path = "NSError+Extensions.swift"; sourceTree = "<group>"; };
		8DE52BF127FC1FB900EAF31D /* RemoteBooksService.swift */ = {isa = PBXFileReference; lastKnownFileType = sourcecode.swift; path = RemoteBooksService.swift; sourceTree = "<group>"; };
		8DE52BF327FC1FDD00EAF31D /* InMemoryBooksService.swift */ = {isa = PBXFileReference; lastKnownFileType = sourcecode.swift; path = InMemoryBooksService.swift; sourceTree = "<group>"; };
		8DE52BF527FC206400EAF31D /* RealmBooksService.swift */ = {isa = PBXFileReference; lastKnownFileType = sourcecode.swift; path = RealmBooksService.swift; sourceTree = "<group>"; };
		8DE52BF727FC215A00EAF31D /* CompositeLocalServiceWithRemoteFallback.swift */ = {isa = PBXFileReference; lastKnownFileType = sourcecode.swift; path = CompositeLocalServiceWithRemoteFallback.swift; sourceTree = "<group>"; };
/* End PBXFileReference section */

/* Begin PBXFrameworksBuildPhase section */
		8DBADFDC27D8D53B001367B7 /* Frameworks */ = {
			isa = PBXFrameworksBuildPhase;
			buildActionMask = 2147483647;
			files = (
				801EC3BE68110EFBD78BCD90 /* Pods_PostsAdditionalMaterial.framework in Frameworks */,
			);
			runOnlyForDeploymentPostprocessing = 0;
		};
/* End PBXFrameworksBuildPhase section */

/* Begin PBXGroup section */
		3B7BCCB2B4470B6669A0B5FD /* Pods */ = {
			isa = PBXGroup;
			children = (
				23294090B7D99668DC5E178D /* Pods-PostsAdditionalMaterial.debug.xcconfig */,
				4F8C15CDFC06F3FC386A97D5 /* Pods-PostsAdditionalMaterial.release.xcconfig */,
			);
			path = Pods;
			sourceTree = "<group>";
		};
		809A51026F01F887B47197E7 /* Frameworks */ = {
			isa = PBXGroup;
			children = (
				1325F35495EC8CE2546311CD /* Pods_PostsAdditionalMaterial.framework */,
			);
			name = Frameworks;
			sourceTree = "<group>";
		};
		8DBADFD627D8D53B001367B7 = {
			isa = PBXGroup;
			children = (
				8DBADFE127D8D53B001367B7 /* PostsAdditionalMaterial */,
				8DBADFE027D8D53B001367B7 /* Products */,
				3B7BCCB2B4470B6669A0B5FD /* Pods */,
				809A51026F01F887B47197E7 /* Frameworks */,
			);
			sourceTree = "<group>";
		};
		8DBADFE027D8D53B001367B7 /* Products */ = {
			isa = PBXGroup;
			children = (
				8DBADFDF27D8D53B001367B7 /* PostsAdditionalMaterial.app */,
			);
			name = Products;
			sourceTree = "<group>";
		};
		8DBADFE127D8D53B001367B7 /* PostsAdditionalMaterial */ = {
			isa = PBXGroup;
			children = (
				8DE52BF027FC1FAB00EAF31D /* Services */,
				8DE52BEA27FB746D00EAF31D /* books.json */,
				8DBADFE227D8D53B001367B7 /* AppDelegate.swift */,
				8DBADFE627D8D53B001367B7 /* BooksListTableController.swift */,
				8DBADFEB27D8D53D001367B7 /* Assets.xcassets */,
				8DBADFED27D8D53D001367B7 /* LaunchScreen.storyboard */,
				8DE52BEC27FC141200EAF31D /* NetworkProvider.swift */,
				8DE52BEE27FC144100EAF31D /* NSError+Extensions.swift */,
			);
			path = PostsAdditionalMaterial;
			sourceTree = "<group>";
		};
		8DE52BF027FC1FAB00EAF31D /* Services */ = {
			isa = PBXGroup;
			children = (
				8DE52A4D27FAD64500EAF31D /* BooksService.swift */,
				8DE52BF127FC1FB900EAF31D /* RemoteBooksService.swift */,
				8DE52BF327FC1FDD00EAF31D /* InMemoryBooksService.swift */,
				8DE52BF527FC206400EAF31D /* RealmBooksService.swift */,
				8DE52BF727FC215A00EAF31D /* CompositeLocalServiceWithRemoteFallback.swift */,
			);
			path = Services;
			sourceTree = "<group>";
		};
/* End PBXGroup section */

/* Begin PBXNativeTarget section */
		8DBADFDE27D8D53B001367B7 /* PostsAdditionalMaterial */ = {
			isa = PBXNativeTarget;
			buildConfigurationList = 8DBADFF327D8D53D001367B7 /* Build configuration list for PBXNativeTarget "PostsAdditionalMaterial" */;
			buildPhases = (
				54AF9D1EE9920C1206966B44 /* [CP] Check Pods Manifest.lock */,
				8DBADFDB27D8D53B001367B7 /* Sources */,
				8DBADFDC27D8D53B001367B7 /* Frameworks */,
				8DBADFDD27D8D53B001367B7 /* Resources */,
				278965F80640581F3698A3D3 /* [CP] Embed Pods Frameworks */,
			);
			buildRules = (
			);
			dependencies = (
			);
			name = PostsAdditionalMaterial;
			productName = InterestsCollection;
			productReference = 8DBADFDF27D8D53B001367B7 /* PostsAdditionalMaterial.app */;
			productType = "com.apple.product-type.application";
		};
/* End PBXNativeTarget section */

/* Begin PBXProject section */
		8DBADFD727D8D53B001367B7 /* Project object */ = {
			isa = PBXProject;
			attributes = {
				BuildIndependentTargetsInParallel = 1;
				LastSwiftUpdateCheck = 1320;
				LastUpgradeCheck = 1320;
				TargetAttributes = {
					8DBADFDE27D8D53B001367B7 = {
						CreatedOnToolsVersion = 13.2.1;
					};
				};
			};
			buildConfigurationList = 8DBADFDA27D8D53B001367B7 /* Build configuration list for PBXProject "PostsAdditionalMaterial" */;
			compatibilityVersion = "Xcode 13.0";
			developmentRegion = en;
			hasScannedForEncodings = 0;
			knownRegions = (
				en,
				Base,
			);
			mainGroup = 8DBADFD627D8D53B001367B7;
			productRefGroup = 8DBADFE027D8D53B001367B7 /* Products */;
			projectDirPath = "";
			projectRoot = "";
			targets = (
				8DBADFDE27D8D53B001367B7 /* PostsAdditionalMaterial */,
			);
		};
/* End PBXProject section */

/* Begin PBXResourcesBuildPhase section */
		8DBADFDD27D8D53B001367B7 /* Resources */ = {
			isa = PBXResourcesBuildPhase;
			buildActionMask = 2147483647;
			files = (
				8DE52BEB27FB746D00EAF31D /* books.json in Resources */,
				8DBADFEF27D8D53D001367B7 /* LaunchScreen.storyboard in Resources */,
				8DBADFEC27D8D53D001367B7 /* Assets.xcassets in Resources */,
			);
			runOnlyForDeploymentPostprocessing = 0;
		};
/* End PBXResourcesBuildPhase section */

/* Begin PBXShellScriptBuildPhase section */
		278965F80640581F3698A3D3 /* [CP] Embed Pods Frameworks */ = {
			isa = PBXShellScriptBuildPhase;
			buildActionMask = 2147483647;
			files = (
			);
			inputFileListPaths = (
				"${PODS_ROOT}/Target Support Files/Pods-PostsAdditionalMaterial/Pods-PostsAdditionalMaterial-frameworks-${CONFIGURATION}-input-files.xcfilelist",
			);
			name = "[CP] Embed Pods Frameworks";
			outputFileListPaths = (
				"${PODS_ROOT}/Target Support Files/Pods-PostsAdditionalMaterial/Pods-PostsAdditionalMaterial-frameworks-${CONFIGURATION}-output-files.xcfilelist",
			);
			runOnlyForDeploymentPostprocessing = 0;
			shellPath = /bin/sh;
			shellScript = "\"${PODS_ROOT}/Target Support Files/Pods-PostsAdditionalMaterial/Pods-PostsAdditionalMaterial-frameworks.sh\"\n";
			showEnvVarsInLog = 0;
		};
		54AF9D1EE9920C1206966B44 /* [CP] Check Pods Manifest.lock */ = {
			isa = PBXShellScriptBuildPhase;
			buildActionMask = 2147483647;
			files = (
			);
			inputFileListPaths = (
			);
			inputPaths = (
				"${PODS_PODFILE_DIR_PATH}/Podfile.lock",
				"${PODS_ROOT}/Manifest.lock",
			);
			name = "[CP] Check Pods Manifest.lock";
			outputFileListPaths = (
			);
			outputPaths = (
				"$(DERIVED_FILE_DIR)/Pods-PostsAdditionalMaterial-checkManifestLockResult.txt",
			);
			runOnlyForDeploymentPostprocessing = 0;
			shellPath = /bin/sh;
			shellScript = "diff \"${PODS_PODFILE_DIR_PATH}/Podfile.lock\" \"${PODS_ROOT}/Manifest.lock\" > /dev/null\nif [ $? != 0 ] ; then\n    # print error to STDERR\n    echo \"error: The sandbox is not in sync with the Podfile.lock. Run 'pod install' or update your CocoaPods installation.\" >&2\n    exit 1\nfi\n# This output is used by Xcode 'outputs' to avoid re-running this script phase.\necho \"SUCCESS\" > \"${SCRIPT_OUTPUT_FILE_0}\"\n";
			showEnvVarsInLog = 0;
		};
/* End PBXShellScriptBuildPhase section */

/* Begin PBXSourcesBuildPhase section */
		8DBADFDB27D8D53B001367B7 /* Sources */ = {
			isa = PBXSourcesBuildPhase;
			buildActionMask = 2147483647;
			files = (
				8DE52BEF27FC144100EAF31D /* NSError+Extensions.swift in Sources */,
				8DBADFE727D8D53B001367B7 /* BooksListTableController.swift in Sources */,
				8DE52BF627FC206400EAF31D /* RealmBooksService.swift in Sources */,
				8DE52BF827FC215A00EAF31D /* CompositeLocalServiceWithRemoteFallback.swift in Sources */,
				8DE52BED27FC141200EAF31D /* NetworkProvider.swift in Sources */,
				8DE52A4E27FAD64500EAF31D /* BooksService.swift in Sources */,
				8DE52BF427FC1FDD00EAF31D /* InMemoryBooksService.swift in Sources */,
				8DE52BF227FC1FB900EAF31D /* RemoteBooksService.swift in Sources */,
				8DBADFE327D8D53B001367B7 /* AppDelegate.swift in Sources */,
			);
			runOnlyForDeploymentPostprocessing = 0;
		};
/* End PBXSourcesBuildPhase section */

/* Begin PBXVariantGroup section */
		8DBADFED27D8D53D001367B7 /* LaunchScreen.storyboard */ = {
			isa = PBXVariantGroup;
			children = (
				8DBADFEE27D8D53D001367B7 /* Base */,
			);
			name = LaunchScreen.storyboard;
			sourceTree = "<group>";
		};
/* End PBXVariantGroup section */

/* Begin XCBuildConfiguration section */
		8DBADFF127D8D53D001367B7 /* Debug */ = {
			isa = XCBuildConfiguration;
			buildSettings = {
				ALWAYS_SEARCH_USER_PATHS = NO;
				CLANG_ANALYZER_NONNULL = YES;
				CLANG_ANALYZER_NUMBER_OBJECT_CONVERSION = YES_AGGRESSIVE;
				CLANG_CXX_LANGUAGE_STANDARD = "gnu++17";
				CLANG_CXX_LIBRARY = "libc++";
				CLANG_ENABLE_MODULES = YES;
				CLANG_ENABLE_OBJC_ARC = YES;
				CLANG_ENABLE_OBJC_WEAK = YES;
				CLANG_WARN_BLOCK_CAPTURE_AUTORELEASING = YES;
				CLANG_WARN_BOOL_CONVERSION = YES;
				CLANG_WARN_COMMA = YES;
				CLANG_WARN_CONSTANT_CONVERSION = YES;
				CLANG_WARN_DEPRECATED_OBJC_IMPLEMENTATIONS = YES;
				CLANG_WARN_DIRECT_OBJC_ISA_USAGE = YES_ERROR;
				CLANG_WARN_DOCUMENTATION_COMMENTS = YES;
				CLANG_WARN_EMPTY_BODY = YES;
				CLANG_WARN_ENUM_CONVERSION = YES;
				CLANG_WARN_INFINITE_RECURSION = YES;
				CLANG_WARN_INT_CONVERSION = YES;
				CLANG_WARN_NON_LITERAL_NULL_CONVERSION = YES;
				CLANG_WARN_OBJC_IMPLICIT_RETAIN_SELF = YES;
				CLANG_WARN_OBJC_LITERAL_CONVERSION = YES;
				CLANG_WARN_OBJC_ROOT_CLASS = YES_ERROR;
				CLANG_WARN_QUOTED_INCLUDE_IN_FRAMEWORK_HEADER = YES;
				CLANG_WARN_RANGE_LOOP_ANALYSIS = YES;
				CLANG_WARN_STRICT_PROTOTYPES = YES;
				CLANG_WARN_SUSPICIOUS_MOVE = YES;
				CLANG_WARN_UNGUARDED_AVAILABILITY = YES_AGGRESSIVE;
				CLANG_WARN_UNREACHABLE_CODE = YES;
				CLANG_WARN__DUPLICATE_METHOD_MATCH = YES;
				COPY_PHASE_STRIP = NO;
				DEBUG_INFORMATION_FORMAT = dwarf;
				ENABLE_STRICT_OBJC_MSGSEND = YES;
				ENABLE_TESTABILITY = YES;
				GCC_C_LANGUAGE_STANDARD = gnu11;
				GCC_DYNAMIC_NO_PIC = NO;
				GCC_NO_COMMON_BLOCKS = YES;
				GCC_OPTIMIZATION_LEVEL = 0;
				GCC_PREPROCESSOR_DEFINITIONS = (
					"DEBUG=1",
					"$(inherited)",
				);
				GCC_WARN_64_TO_32_BIT_CONVERSION = YES;
				GCC_WARN_ABOUT_RETURN_TYPE = YES_ERROR;
				GCC_WARN_UNDECLARED_SELECTOR = YES;
				GCC_WARN_UNINITIALIZED_AUTOS = YES_AGGRESSIVE;
				GCC_WARN_UNUSED_FUNCTION = YES;
				GCC_WARN_UNUSED_VARIABLE = YES;
				IPHONEOS_DEPLOYMENT_TARGET = 15.2;
				MTL_ENABLE_DEBUG_INFO = INCLUDE_SOURCE;
				MTL_FAST_MATH = YES;
				ONLY_ACTIVE_ARCH = YES;
				SDKROOT = iphoneos;
				SWIFT_ACTIVE_COMPILATION_CONDITIONS = DEBUG;
				SWIFT_OPTIMIZATION_LEVEL = "-Onone";
			};
			name = Debug;
		};
		8DBADFF227D8D53D001367B7 /* Release */ = {
			isa = XCBuildConfiguration;
			buildSettings = {
				ALWAYS_SEARCH_USER_PATHS = NO;
				CLANG_ANALYZER_NONNULL = YES;
				CLANG_ANALYZER_NUMBER_OBJECT_CONVERSION = YES_AGGRESSIVE;
				CLANG_CXX_LANGUAGE_STANDARD = "gnu++17";
				CLANG_CXX_LIBRARY = "libc++";
				CLANG_ENABLE_MODULES = YES;
				CLANG_ENABLE_OBJC_ARC = YES;
				CLANG_ENABLE_OBJC_WEAK = YES;
				CLANG_WARN_BLOCK_CAPTURE_AUTORELEASING = YES;
				CLANG_WARN_BOOL_CONVERSION = YES;
				CLANG_WARN_COMMA = YES;
				CLANG_WARN_CONSTANT_CONVERSION = YES;
				CLANG_WARN_DEPRECATED_OBJC_IMPLEMENTATIONS = YES;
				CLANG_WARN_DIRECT_OBJC_ISA_USAGE = YES_ERROR;
				CLANG_WARN_DOCUMENTATION_COMMENTS = YES;
				CLANG_WARN_EMPTY_BODY = YES;
				CLANG_WARN_ENUM_CONVERSION = YES;
				CLANG_WARN_INFINITE_RECURSION = YES;
				CLANG_WARN_INT_CONVERSION = YES;
				CLANG_WARN_NON_LITERAL_NULL_CONVERSION = YES;
				CLANG_WARN_OBJC_IMPLICIT_RETAIN_SELF = YES;
				CLANG_WARN_OBJC_LITERAL_CONVERSION = YES;
				CLANG_WARN_OBJC_ROOT_CLASS = YES_ERROR;
				CLANG_WARN_QUOTED_INCLUDE_IN_FRAMEWORK_HEADER = YES;
				CLANG_WARN_RANGE_LOOP_ANALYSIS = YES;
				CLANG_WARN_STRICT_PROTOTYPES = YES;
				CLANG_WARN_SUSPICIOUS_MOVE = YES;
				CLANG_WARN_UNGUARDED_AVAILABILITY = YES_AGGRESSIVE;
				CLANG_WARN_UNREACHABLE_CODE = YES;
				CLANG_WARN__DUPLICATE_METHOD_MATCH = YES;
				COPY_PHASE_STRIP = NO;
				DEBUG_INFORMATION_FORMAT = "dwarf-with-dsym";
				ENABLE_NS_ASSERTIONS = NO;
				ENABLE_STRICT_OBJC_MSGSEND = YES;
				GCC_C_LANGUAGE_STANDARD = gnu11;
				GCC_NO_COMMON_BLOCKS = YES;
				GCC_WARN_64_TO_32_BIT_CONVERSION = YES;
				GCC_WARN_ABOUT_RETURN_TYPE = YES_ERROR;
				GCC_WARN_UNDECLARED_SELECTOR = YES;
				GCC_WARN_UNINITIALIZED_AUTOS = YES_AGGRESSIVE;
				GCC_WARN_UNUSED_FUNCTION = YES;
				GCC_WARN_UNUSED_VARIABLE = YES;
				IPHONEOS_DEPLOYMENT_TARGET = 15.2;
				MTL_ENABLE_DEBUG_INFO = NO;
				MTL_FAST_MATH = YES;
				SDKROOT = iphoneos;
				SWIFT_COMPILATION_MODE = wholemodule;
				SWIFT_OPTIMIZATION_LEVEL = "-O";
				VALIDATE_PRODUCT = YES;
			};
			name = Release;
		};
		8DBADFF427D8D53D001367B7 /* Debug */ = {
			isa = XCBuildConfiguration;
			baseConfigurationReference = 23294090B7D99668DC5E178D /* Pods-PostsAdditionalMaterial.debug.xcconfig */;
			buildSettings = {
				ASSETCATALOG_COMPILER_GLOBAL_ACCENT_COLOR_NAME = AccentColor;
				CODE_SIGN_STYLE = Automatic;
				CURRENT_PROJECT_VERSION = 1;
				DEVELOPMENT_TEAM = WUJDW64U79;
				GENERATE_INFOPLIST_FILE = YES;
				INFOPLIST_EXPAND_BUILD_SETTINGS = YES;
				INFOPLIST_FILE = PostsAdditionalMaterial/Info.plist;
				INFOPLIST_KEY_CFBundleDisplayName = AdditionalMaterial;
				INFOPLIST_KEY_UIApplicationSupportsIndirectInputEvents = YES;
				INFOPLIST_KEY_UILaunchStoryboardName = LaunchScreen;
				INFOPLIST_KEY_UISupportedInterfaceOrientations_iPad = "UIInterfaceOrientationPortrait UIInterfaceOrientationPortraitUpsideDown UIInterfaceOrientationLandscapeLeft UIInterfaceOrientationLandscapeRight";
				INFOPLIST_KEY_UISupportedInterfaceOrientations_iPhone = "UIInterfaceOrientationPortrait UIInterfaceOrientationLandscapeLeft UIInterfaceOrientationLandscapeRight";
				INFOPLIST_PREPROCESS = NO;
				IPHONEOS_DEPLOYMENT_TARGET = 14.0;
				LD_RUNPATH_SEARCH_PATHS = (
					"$(inherited)",
					"@executable_path/Frameworks",
				);
				MARKETING_VERSION = 1.0;
				PRODUCT_BUNDLE_IDENTIFIER = com.almostEngineer.additionalMaterial;
				PRODUCT_NAME = "$(TARGET_NAME)";
				SWIFT_EMIT_LOC_STRINGS = YES;
				SWIFT_VERSION = 5.0;
				TARGETED_DEVICE_FAMILY = "1,2";
			};
			name = Debug;
		};
		8DBADFF527D8D53D001367B7 /* Release */ = {
			isa = XCBuildConfiguration;
			baseConfigurationReference = 4F8C15CDFC06F3FC386A97D5 /* Pods-PostsAdditionalMaterial.release.xcconfig */;
			buildSettings = {
				ASSETCATALOG_COMPILER_GLOBAL_ACCENT_COLOR_NAME = AccentColor;
				CODE_SIGN_STYLE = Automatic;
				CURRENT_PROJECT_VERSION = 1;
				DEVELOPMENT_TEAM = WUJDW64U79;
				GENERATE_INFOPLIST_FILE = YES;
				INFOPLIST_EXPAND_BUILD_SETTINGS = YES;
				INFOPLIST_FILE = PostsAdditionalMaterial/Info.plist;
				INFOPLIST_KEY_CFBundleDisplayName = AdditionalMaterial;
				INFOPLIST_KEY_UIApplicationSupportsIndirectInputEvents = YES;
				INFOPLIST_KEY_UILaunchStoryboardName = LaunchScreen;
				INFOPLIST_KEY_UISupportedInterfaceOrientations_iPad = "UIInterfaceOrientationPortrait UIInterfaceOrientationPortraitUpsideDown UIInterfaceOrientationLandscapeLeft UIInterfaceOrientationLandscapeRight";
				INFOPLIST_KEY_UISupportedInterfaceOrientations_iPhone = "UIInterfaceOrientationPortrait UIInterfaceOrientationLandscapeLeft UIInterfaceOrientationLandscapeRight";
				INFOPLIST_PREPROCESS = NO;
				IPHONEOS_DEPLOYMENT_TARGET = 14.0;
				LD_RUNPATH_SEARCH_PATHS = (
					"$(inherited)",
					"@executable_path/Frameworks",
				);
				MARKETING_VERSION = 1.0;
				PRODUCT_BUNDLE_IDENTIFIER = com.almostEngineer.additionalMaterial;
				PRODUCT_NAME = "$(TARGET_NAME)";
				SWIFT_EMIT_LOC_STRINGS = YES;
				SWIFT_VERSION = 5.0;
				TARGETED_DEVICE_FAMILY = "1,2";
			};
			name = Release;
		};
/* End XCBuildConfiguration section */

/* Begin XCConfigurationList section */
		8DBADFDA27D8D53B001367B7 /* Build configuration list for PBXProject "PostsAdditionalMaterial" */ = {
			isa = XCConfigurationList;
			buildConfigurations = (
				8DBADFF127D8D53D001367B7 /* Debug */,
				8DBADFF227D8D53D001367B7 /* Release */,
			);
			defaultConfigurationIsVisible = 0;
			defaultConfigurationName = Release;
		};
		8DBADFF327D8D53D001367B7 /* Build configuration list for PBXNativeTarget "PostsAdditionalMaterial" */ = {
			isa = XCConfigurationList;
			buildConfigurations = (
				8DBADFF427D8D53D001367B7 /* Debug */,
				8DBADFF527D8D53D001367B7 /* Release */,
			);
			defaultConfigurationIsVisible = 0;
			defaultConfigurationName = Release;
		};
/* End XCConfigurationList section */
	};
	rootObject = 8DBADFD727D8D53B001367B7 /* Project object */;
}
